{
  "name": "firefox-search-engines-helper",
  "version": "3",
  "lockfileVersion": 2,
  "requires": true,
  "packages": {
    "": {
      "version": "3",
      "license": "MIT",
      "dependencies": {
        "@types/firefox-webext-browser": "^58.0.1",
        "@types/jquery": "^3.2.17",
        "@types/text-encoding": "0.0.32"
      }
    },
    "node_modules/@types/firefox-webext-browser": {
      "version": "58.0.4",
      "resolved": "https://registry.npmjs.org/@types/firefox-webext-browser/-/firefox-webext-browser-58.0.4.tgz",
      "integrity": "sha512-agdYt0F7DsZu1zXa6kJ4S7+76P6LBXmfcYi1xot2JqZSngdrz4xorYc1YykEpgEOo+xDfPVr1oBDFAC7AfLlBg=="
    },
    "node_modules/@types/jquery": {
      "version": "3.5.6",
      "resolved": "https://registry.npmjs.org/@types/jquery/-/jquery-3.5.6.tgz",
      "integrity": "sha512-SmgCQRzGPId4MZQKDj9Hqc6kSXFNWZFHpELkyK8AQhf8Zr6HKfCzFv9ZC1Fv3FyQttJZOlap3qYb12h61iZAIg==",
      "dependencies": {
        "@types/sizzle": "*"
      }
    },
    "node_modules/@types/sizzle": {
      "version": "2.3.3",
      "resolved": "https://registry.npmjs.org/@types/sizzle/-/sizzle-2.3.3.tgz",
      "integrity": "sha512-JYM8x9EGF163bEyhdJBpR2QX1R5naCJHC8ucJylJ3w9/CVBaskdQ8WqBf8MmQrd1kRvp/a4TS8HJ+bxzR7ZJYQ=="
    },
    "node_modules/@types/text-encoding": {
      "version": "0.0.32",
      "resolved": "https://registry.npmjs.org/@types/text-encoding/-/text-encoding-0.0.32.tgz",
      "integrity": "sha512-kQ79aFmYcD/DR3QKo6wXyvNrKi7PunY0KYTBUhHjHl0SXwWuLRl9Leh73YtnsSJMBi9qSiK+fxWhdJNQPbhc9A=="
    }
  },
  "dependencies": {
    "@types/firefox-webext-browser": {
      "version": "58.0.4",
      "resolved": "https://registry.npmjs.org/@types/firefox-webext-browser/-/firefox-webext-browser-58.0.4.tgz",
      "integrity": "sha512-agdYt0F7DsZu1zXa6kJ4S7+76P6LBXmfcYi1xot2JqZSngdrz4xorYc1YykEpgEOo+xDfPVr1oBDFAC7AfLlBg=="
    },
    "@types/jquery": {
      "version": "3.5.6",
      "resolved": "https://registry.npmjs.org/@types/jquery/-/jquery-3.5.6.tgz",
      "integrity": "sha512-SmgCQRzGPId4MZQKDj9Hqc6kSXFNWZFHpELkyK8AQhf8Zr6HKfCzFv9ZC1Fv3FyQttJZOlap3qYb12h61iZAIg==",
      "requires": {
        "@types/sizzle": "*"
      }
    },
    "@types/sizzle": {
      "version": "2.3.3",
      "resolved": "https://registry.npmjs.org/@types/sizzle/-/sizzle-2.3.3.tgz",
      "integrity": "sha512-JYM8x9EGF163bEyhdJBpR2QX1R5naCJHC8ucJylJ3w9/CVBaskdQ8WqBf8MmQrd1kRvp/a4TS8HJ+bxzR7ZJYQ=="
    },
    "@types/text-encoding": {
      "version": "0.0.32",
      "resolved": "https://registry.npmjs.org/@types/text-encoding/-/text-encoding-0.0.32.tgz",
      "integrity": "sha512-kQ79aFmYcD/DR3QKo6wXyvNrKi7PunY0KYTBUhHjHl0SXwWuLRl9Leh73YtnsSJMBi9qSiK+fxWhdJNQPbhc9A=="
    }
  }
}
